// !$*UTF8*$!
{
	archiveVersion = 1;
	classes = {
	};
	objectVersion = 48;
	objects = {

/* Begin PBXBuildFile section */
		71E3CEAFB4158CFB14287DF3 /* Pods_NucleusTests.framework in Frameworks */ = {isa = PBXBuildFile; fileRef = 9A4D763F54F870079DD3088F /* Pods_NucleusTests.framework */; };
		EF4F2C651FCAB51900EC4268 /* UIImage+AddBlendMode.swift in Sources */ = {isa = PBXBuildFile; fileRef = EF4F2C641FCAB51900EC4268 /* UIImage+AddBlendMode.swift */; };
		EF4F2C671FCB758000EC4268 /* VenueController.swift in Sources */ = {isa = PBXBuildFile; fileRef = EF4F2C661FCB758000EC4268 /* VenueController.swift */; };
		EF59C0841FA3A9080011D283 /* Cabin-Medium-TTF.ttf in Resources */ = {isa = PBXBuildFile; fileRef = EF59C07C1FA3A9070011D283 /* Cabin-Medium-TTF.ttf */; };
		EF59C0851FA3A9080011D283 /* Cabin-Regular-TTF.ttf in Resources */ = {isa = PBXBuildFile; fileRef = EF59C07D1FA3A9070011D283 /* Cabin-Regular-TTF.ttf */; };
		EF59C0861FA3A9080011D283 /* Cabin-MediumItalic-TTF.ttf in Resources */ = {isa = PBXBuildFile; fileRef = EF59C07E1FA3A9070011D283 /* Cabin-MediumItalic-TTF.ttf */; };
		EF59C0871FA3A9080011D283 /* Cabin-Italic-TTF.ttf in Resources */ = {isa = PBXBuildFile; fileRef = EF59C07F1FA3A9070011D283 /* Cabin-Italic-TTF.ttf */; };
		EF59C0881FA3A9080011D283 /* Cabin-Bold-TTF.ttf in Resources */ = {isa = PBXBuildFile; fileRef = EF59C0801FA3A9070011D283 /* Cabin-Bold-TTF.ttf */; };
		EF59C0891FA3A9080011D283 /* Cabin-BoldItalic-TTF.ttf in Resources */ = {isa = PBXBuildFile; fileRef = EF59C0811FA3A9070011D283 /* Cabin-BoldItalic-TTF.ttf */; };
		EF59C08A1FA3A9080011D283 /* Cabin-SemiBold-TTF.ttf in Resources */ = {isa = PBXBuildFile; fileRef = EF59C0821FA3A9070011D283 /* Cabin-SemiBold-TTF.ttf */; };
		EF59C08B1FA3A9080011D283 /* Cabin-SemiBoldItalic-TTF.ttf in Resources */ = {isa = PBXBuildFile; fileRef = EF59C0831FA3A9080011D283 /* Cabin-SemiBoldItalic-TTF.ttf */; };
		EF5C2DF21FCBA46B00F87DDD /* CustomDarkUIView.swift in Sources */ = {isa = PBXBuildFile; fileRef = EF5C2DF11FCBA46B00F87DDD /* CustomDarkUIView.swift */; };
		EF82BDD91FCBBA6100F1BA2F /* dark_style.json in Resources */ = {isa = PBXBuildFile; fileRef = EF82BDD81FCBBA6100F1BA2F /* dark_style.json */; };
		EF82BDDB1FCE427700F1BA2F /* ProgrammeController.swift in Sources */ = {isa = PBXBuildFile; fileRef = EF82BDDA1FCE427700F1BA2F /* ProgrammeController.swift */; };
		EF82BDDD1FCE49C000F1BA2F /* TransUIView.swift in Sources */ = {isa = PBXBuildFile; fileRef = EF82BDDC1FCE49C000F1BA2F /* TransUIView.swift */; };
		EF8B80481FA32F7800A4924E /* AppDelegate.swift in Sources */ = {isa = PBXBuildFile; fileRef = EF8B80471FA32F7800A4924E /* AppDelegate.swift */; };
		EF8B804A1FA32F7800A4924E /* ProfileController.swift in Sources */ = {isa = PBXBuildFile; fileRef = EF8B80491FA32F7800A4924E /* ProfileController.swift */; };
		EF8B804D1FA32F7800A4924E /* Main.storyboard in Resources */ = {isa = PBXBuildFile; fileRef = EF8B804B1FA32F7800A4924E /* Main.storyboard */; };
		EF8B80521FA32F7800A4924E /* Assets.xcassets in Resources */ = {isa = PBXBuildFile; fileRef = EF8B80511FA32F7800A4924E /* Assets.xcassets */; };
		EF8B80551FA32F7800A4924E /* LaunchScreen.storyboard in Resources */ = {isa = PBXBuildFile; fileRef = EF8B80531FA32F7800A4924E /* LaunchScreen.storyboard */; };
		EF8B80601FA32F7800A4924E /* NucleusTests.swift in Sources */ = {isa = PBXBuildFile; fileRef = EF8B805F1FA32F7800A4924E /* NucleusTests.swift */; };
		EF8B806B1FA32F7800A4924E /* NucleusUITests.swift in Sources */ = {isa = PBXBuildFile; fileRef = EF8B806A1FA32F7800A4924E /* NucleusUITests.swift */; };
		EF8B80791FA34BE700A4924E /* CustomUIView.swift in Sources */ = {isa = PBXBuildFile; fileRef = EF8B80781FA34BE700A4924E /* CustomUIView.swift */; };
		EF8B807B1FA3925700A4924E /* LoginController.swift in Sources */ = {isa = PBXBuildFile; fileRef = EF8B807A1FA3925700A4924E /* LoginController.swift */; };
		EFA74F5C1FD0CC900085BC60 /* CustomLabel.swift in Sources */ = {isa = PBXBuildFile; fileRef = EFA74F5B1FD0CC900085BC60 /* CustomLabel.swift */; };
		EFA74F5E1FD0D7EA0085BC60 /* RoundedLabel.swift in Sources */ = {isa = PBXBuildFile; fileRef = EFA74F5D1FD0D7EA0085BC60 /* RoundedLabel.swift */; };
		EFD6CFB01FDACC920036A5CC /* ALThreeCircleSpinner.swift in Sources */ = {isa = PBXBuildFile; fileRef = EFD6CFAF1FDACC920036A5CC /* ALThreeCircleSpinner.swift */; };
		EFF585A81FC7715C001BC20C /* fontawesome-webfont.ttf in Resources */ = {isa = PBXBuildFile; fileRef = EFF585A71FC7715C001BC20C /* fontawesome-webfont.ttf */; };
		EFF585AA1FC775D1001BC20C /* CustomEditText.swift in Sources */ = {isa = PBXBuildFile; fileRef = EFF585A91FC775D1001BC20C /* CustomEditText.swift */; };
		F3322A8819063CF246CBE7F1 /* Pods_Nucleus.framework in Frameworks */ = {isa = PBXBuildFile; fileRef = E93AE82285AA88A68E7D1A28 /* Pods_Nucleus.framework */; };
		F3BBB1F4E6432626C26C26B7 /* Pods_NucleusUITests.framework in Frameworks */ = {isa = PBXBuildFile; fileRef = B1AA2F85D9CA14A290C27673 /* Pods_NucleusUITests.framework */; };
/* End PBXBuildFile section */

/* Begin PBXContainerItemProxy section */
		EF8B805C1FA32F7800A4924E /* PBXContainerItemProxy */ = {
			isa = PBXContainerItemProxy;
			containerPortal = EF8B803C1FA32F7800A4924E /* Project object */;
			proxyType = 1;
			remoteGlobalIDString = EF8B80431FA32F7800A4924E;
			remoteInfo = Nucleus;
		};
		EF8B80671FA32F7800A4924E /* PBXContainerItemProxy */ = {
			isa = PBXContainerItemProxy;
			containerPortal = EF8B803C1FA32F7800A4924E /* Project object */;
			proxyType = 1;
			remoteGlobalIDString = EF8B80431FA32F7800A4924E;
			remoteInfo = Nucleus;
		};
/* End PBXContainerItemProxy section */

/* Begin PBXFileReference section */
		18EF8F93D0DAF373E93CC400 /* Pods-NucleusUITests.debug.xcconfig */ = {isa = PBXFileReference; includeInIndex = 1; lastKnownFileType = text.xcconfig; name = "Pods-NucleusUITests.debug.xcconfig"; path = "Pods/Target Support Files/Pods-NucleusUITests/Pods-NucleusUITests.debug.xcconfig"; sourceTree = "<group>"; };
		3DECB0101A20C06CA1FAC94C /* Pods-Nucleus.debug.xcconfig */ = {isa = PBXFileReference; includeInIndex = 1; lastKnownFileType = text.xcconfig; name = "Pods-Nucleus.debug.xcconfig"; path = "Pods/Target Support Files/Pods-Nucleus/Pods-Nucleus.debug.xcconfig"; sourceTree = "<group>"; };
		9A4D763F54F870079DD3088F /* Pods_NucleusTests.framework */ = {isa = PBXFileReference; explicitFileType = wrapper.framework; includeInIndex = 0; path = Pods_NucleusTests.framework; sourceTree = BUILT_PRODUCTS_DIR; };
		A74CBCEDE3A0A04092B758A3 /* Pods-NucleusTests.debug.xcconfig */ = {isa = PBXFileReference; includeInIndex = 1; lastKnownFileType = text.xcconfig; name = "Pods-NucleusTests.debug.xcconfig"; path = "Pods/Target Support Files/Pods-NucleusTests/Pods-NucleusTests.debug.xcconfig"; sourceTree = "<group>"; };
		B1AA2F85D9CA14A290C27673 /* Pods_NucleusUITests.framework */ = {isa = PBXFileReference; explicitFileType = wrapper.framework; includeInIndex = 0; path = Pods_NucleusUITests.framework; sourceTree = BUILT_PRODUCTS_DIR; };
		BC183B9565802FE8B6FD9C16 /* Pods-Nucleus.release.xcconfig */ = {isa = PBXFileReference; includeInIndex = 1; lastKnownFileType = text.xcconfig; name = "Pods-Nucleus.release.xcconfig"; path = "Pods/Target Support Files/Pods-Nucleus/Pods-Nucleus.release.xcconfig"; sourceTree = "<group>"; };
		D11E8C2DC663C755FB4DF1C8 /* Pods-NucleusUITests.release.xcconfig */ = {isa = PBXFileReference; includeInIndex = 1; lastKnownFileType = text.xcconfig; name = "Pods-NucleusUITests.release.xcconfig"; path = "Pods/Target Support Files/Pods-NucleusUITests/Pods-NucleusUITests.release.xcconfig"; sourceTree = "<group>"; };
		D7F27BBABC5765CA2BC5F532 /* Pods-NucleusTests.release.xcconfig */ = {isa = PBXFileReference; includeInIndex = 1; lastKnownFileType = text.xcconfig; name = "Pods-NucleusTests.release.xcconfig"; path = "Pods/Target Support Files/Pods-NucleusTests/Pods-NucleusTests.release.xcconfig"; sourceTree = "<group>"; };
		E93AE82285AA88A68E7D1A28 /* Pods_Nucleus.framework */ = {isa = PBXFileReference; explicitFileType = wrapper.framework; includeInIndex = 0; path = Pods_Nucleus.framework; sourceTree = BUILT_PRODUCTS_DIR; };
		EF4F2C641FCAB51900EC4268 /* UIImage+AddBlendMode.swift */ = {isa = PBXFileReference; lastKnownFileType = sourcecode.swift; path = "UIImage+AddBlendMode.swift"; sourceTree = "<group>"; };
		EF4F2C661FCB758000EC4268 /* VenueController.swift */ = {isa = PBXFileReference; lastKnownFileType = sourcecode.swift; path = VenueController.swift; sourceTree = "<group>"; };
		EF59C07C1FA3A9070011D283 /* Cabin-Medium-TTF.ttf */ = {isa = PBXFileReference; lastKnownFileType = file; path = "Cabin-Medium-TTF.ttf"; sourceTree = "<group>"; };
		EF59C07D1FA3A9070011D283 /* Cabin-Regular-TTF.ttf */ = {isa = PBXFileReference; lastKnownFileType = file; path = "Cabin-Regular-TTF.ttf"; sourceTree = "<group>"; };
		EF59C07E1FA3A9070011D283 /* Cabin-MediumItalic-TTF.ttf */ = {isa = PBXFileReference; lastKnownFileType = file; path = "Cabin-MediumItalic-TTF.ttf"; sourceTree = "<group>"; };
		EF59C07F1FA3A9070011D283 /* Cabin-Italic-TTF.ttf */ = {isa = PBXFileReference; lastKnownFileType = file; path = "Cabin-Italic-TTF.ttf"; sourceTree = "<group>"; };
		EF59C0801FA3A9070011D283 /* Cabin-Bold-TTF.ttf */ = {isa = PBXFileReference; lastKnownFileType = file; path = "Cabin-Bold-TTF.ttf"; sourceTree = "<group>"; };
		EF59C0811FA3A9070011D283 /* Cabin-BoldItalic-TTF.ttf */ = {isa = PBXFileReference; lastKnownFileType = file; path = "Cabin-BoldItalic-TTF.ttf"; sourceTree = "<group>"; };
		EF59C0821FA3A9070011D283 /* Cabin-SemiBold-TTF.ttf */ = {isa = PBXFileReference; lastKnownFileType = file; path = "Cabin-SemiBold-TTF.ttf"; sourceTree = "<group>"; };
		EF59C0831FA3A9080011D283 /* Cabin-SemiBoldItalic-TTF.ttf */ = {isa = PBXFileReference; lastKnownFileType = file; path = "Cabin-SemiBoldItalic-TTF.ttf"; sourceTree = "<group>"; };
		EF5C2DF11FCBA46B00F87DDD /* CustomDarkUIView.swift */ = {isa = PBXFileReference; lastKnownFileType = sourcecode.swift; path = CustomDarkUIView.swift; sourceTree = "<group>"; };
		EF82BDD81FCBBA6100F1BA2F /* dark_style.json */ = {isa = PBXFileReference; lastKnownFileType = text.json; path = dark_style.json; sourceTree = "<group>"; };
		EF82BDDA1FCE427700F1BA2F /* ProgrammeController.swift */ = {isa = PBXFileReference; lastKnownFileType = sourcecode.swift; path = ProgrammeController.swift; sourceTree = "<group>"; };
		EF82BDDC1FCE49C000F1BA2F /* TransUIView.swift */ = {isa = PBXFileReference; lastKnownFileType = sourcecode.swift; path = TransUIView.swift; sourceTree = "<group>"; };
		EF8B80441FA32F7800A4924E /* Nucleus.app */ = {isa = PBXFileReference; explicitFileType = wrapper.application; includeInIndex = 0; path = Nucleus.app; sourceTree = BUILT_PRODUCTS_DIR; };
		EF8B80471FA32F7800A4924E /* AppDelegate.swift */ = {isa = PBXFileReference; lastKnownFileType = sourcecode.swift; path = AppDelegate.swift; sourceTree = "<group>"; };
		EF8B80491FA32F7800A4924E /* ProfileController.swift */ = {isa = PBXFileReference; lastKnownFileType = sourcecode.swift; path = ProfileController.swift; sourceTree = "<group>"; };
		EF8B804C1FA32F7800A4924E /* Base */ = {isa = PBXFileReference; lastKnownFileType = file.storyboard; name = Base; path = Base.lproj/Main.storyboard; sourceTree = "<group>"; };
		EF8B80511FA32F7800A4924E /* Assets.xcassets */ = {isa = PBXFileReference; lastKnownFileType = folder.assetcatalog; path = Assets.xcassets; sourceTree = "<group>"; };
		EF8B80541FA32F7800A4924E /* Base */ = {isa = PBXFileReference; lastKnownFileType = file.storyboard; name = Base; path = Base.lproj/LaunchScreen.storyboard; sourceTree = "<group>"; };
		EF8B80561FA32F7800A4924E /* Info.plist */ = {isa = PBXFileReference; lastKnownFileType = text.plist.xml; path = Info.plist; sourceTree = "<group>"; };
		EF8B805B1FA32F7800A4924E /* NucleusTests.xctest */ = {isa = PBXFileReference; explicitFileType = wrapper.cfbundle; includeInIndex = 0; path = NucleusTests.xctest; sourceTree = BUILT_PRODUCTS_DIR; };
		EF8B805F1FA32F7800A4924E /* NucleusTests.swift */ = {isa = PBXFileReference; lastKnownFileType = sourcecode.swift; path = NucleusTests.swift; sourceTree = "<group>"; };
		EF8B80611FA32F7800A4924E /* Info.plist */ = {isa = PBXFileReference; lastKnownFileType = text.plist.xml; path = Info.plist; sourceTree = "<group>"; };
		EF8B80661FA32F7800A4924E /* NucleusUITests.xctest */ = {isa = PBXFileReference; explicitFileType = wrapper.cfbundle; includeInIndex = 0; path = NucleusUITests.xctest; sourceTree = BUILT_PRODUCTS_DIR; };
		EF8B806A1FA32F7800A4924E /* NucleusUITests.swift */ = {isa = PBXFileReference; lastKnownFileType = sourcecode.swift; path = NucleusUITests.swift; sourceTree = "<group>"; };
		EF8B806C1FA32F7800A4924E /* Info.plist */ = {isa = PBXFileReference; lastKnownFileType = text.plist.xml; path = Info.plist; sourceTree = "<group>"; };
		EF8B80781FA34BE700A4924E /* CustomUIView.swift */ = {isa = PBXFileReference; lastKnownFileType = sourcecode.swift; path = CustomUIView.swift; sourceTree = "<group>"; };
		EF8B807A1FA3925700A4924E /* LoginController.swift */ = {isa = PBXFileReference; lastKnownFileType = sourcecode.swift; path = LoginController.swift; sourceTree = "<group>"; };
		EFA74F5B1FD0CC900085BC60 /* CustomLabel.swift */ = {isa = PBXFileReference; lastKnownFileType = sourcecode.swift; path = CustomLabel.swift; sourceTree = "<group>"; };
		EFA74F5D1FD0D7EA0085BC60 /* RoundedLabel.swift */ = {isa = PBXFileReference; lastKnownFileType = sourcecode.swift; path = RoundedLabel.swift; sourceTree = "<group>"; };
		EFD6CFAF1FDACC920036A5CC /* ALThreeCircleSpinner.swift */ = {isa = PBXFileReference; lastKnownFileType = sourcecode.swift; path = ALThreeCircleSpinner.swift; sourceTree = "<group>"; };
		EFF585A71FC7715C001BC20C /* fontawesome-webfont.ttf */ = {isa = PBXFileReference; lastKnownFileType = file; path = "fontawesome-webfont.ttf"; sourceTree = "<group>"; };
		EFF585A91FC775D1001BC20C /* CustomEditText.swift */ = {isa = PBXFileReference; lastKnownFileType = sourcecode.swift; path = CustomEditText.swift; sourceTree = "<group>"; };
/* End PBXFileReference section */

/* Begin PBXFrameworksBuildPhase section */
		EF8B80411FA32F7800A4924E /* Frameworks */ = {
			isa = PBXFrameworksBuildPhase;
			buildActionMask = 2147483647;
			files = (
				F3322A8819063CF246CBE7F1 /* Pods_Nucleus.framework in Frameworks */,
			);
			runOnlyForDeploymentPostprocessing = 0;
		};
		EF8B80581FA32F7800A4924E /* Frameworks */ = {
			isa = PBXFrameworksBuildPhase;
			buildActionMask = 2147483647;
			files = (
				71E3CEAFB4158CFB14287DF3 /* Pods_NucleusTests.framework in Frameworks */,
			);
			runOnlyForDeploymentPostprocessing = 0;
		};
		EF8B80631FA32F7800A4924E /* Frameworks */ = {
			isa = PBXFrameworksBuildPhase;
			buildActionMask = 2147483647;
			files = (
				F3BBB1F4E6432626C26C26B7 /* Pods_NucleusUITests.framework in Frameworks */,
			);
			runOnlyForDeploymentPostprocessing = 0;
		};
/* End PBXFrameworksBuildPhase section */

/* Begin PBXGroup section */
		8ED2DDC4972EE62E706C900A /* Frameworks */ = {
			isa = PBXGroup;
			children = (
				E93AE82285AA88A68E7D1A28 /* Pods_Nucleus.framework */,
				9A4D763F54F870079DD3088F /* Pods_NucleusTests.framework */,
				B1AA2F85D9CA14A290C27673 /* Pods_NucleusUITests.framework */,
			);
			name = Frameworks;
			sourceTree = "<group>";
		};
		C30575642145A86ACD97E133 /* Pods */ = {
			isa = PBXGroup;
			children = (
				3DECB0101A20C06CA1FAC94C /* Pods-Nucleus.debug.xcconfig */,
				BC183B9565802FE8B6FD9C16 /* Pods-Nucleus.release.xcconfig */,
				A74CBCEDE3A0A04092B758A3 /* Pods-NucleusTests.debug.xcconfig */,
				D7F27BBABC5765CA2BC5F532 /* Pods-NucleusTests.release.xcconfig */,
				18EF8F93D0DAF373E93CC400 /* Pods-NucleusUITests.debug.xcconfig */,
				D11E8C2DC663C755FB4DF1C8 /* Pods-NucleusUITests.release.xcconfig */,
			);
			name = Pods;
			sourceTree = "<group>";
		};
		EF4F2C631FCAB4F400EC4268 /* Extensions */ = {
			isa = PBXGroup;
			children = (
				EF4F2C641FCAB51900EC4268 /* UIImage+AddBlendMode.swift */,
			);
			path = Extensions;
			sourceTree = "<group>";
		};
		EF8B803B1FA32F7800A4924E = {
			isa = PBXGroup;
			children = (
				EF82BDD81FCBBA6100F1BA2F /* dark_style.json */,
				EF8B80461FA32F7800A4924E /* Nucleus */,
				EF8B805E1FA32F7800A4924E /* NucleusTests */,
				EF8B80691FA32F7800A4924E /* NucleusUITests */,
				EF8B80451FA32F7800A4924E /* Products */,
				EF59C0801FA3A9070011D283 /* Cabin-Bold-TTF.ttf */,
				EF59C0811FA3A9070011D283 /* Cabin-BoldItalic-TTF.ttf */,
				EF59C07F1FA3A9070011D283 /* Cabin-Italic-TTF.ttf */,
				EF59C07C1FA3A9070011D283 /* Cabin-Medium-TTF.ttf */,
				EF59C07E1FA3A9070011D283 /* Cabin-MediumItalic-TTF.ttf */,
				EF59C07D1FA3A9070011D283 /* Cabin-Regular-TTF.ttf */,
				EF59C0821FA3A9070011D283 /* Cabin-SemiBold-TTF.ttf */,
				EF59C0831FA3A9080011D283 /* Cabin-SemiBoldItalic-TTF.ttf */,
				EFF585A71FC7715C001BC20C /* fontawesome-webfont.ttf */,
				C30575642145A86ACD97E133 /* Pods */,
				8ED2DDC4972EE62E706C900A /* Frameworks */,
			);
			sourceTree = "<group>";
		};
		EF8B80451FA32F7800A4924E /* Products */ = {
			isa = PBXGroup;
			children = (
				EF8B80441FA32F7800A4924E /* Nucleus.app */,
				EF8B805B1FA32F7800A4924E /* NucleusTests.xctest */,
				EF8B80661FA32F7800A4924E /* NucleusUITests.xctest */,
			);
			name = Products;
			sourceTree = "<group>";
		};
		EF8B80461FA32F7800A4924E /* Nucleus */ = {
			isa = PBXGroup;
			children = (
				EF4F2C631FCAB4F400EC4268 /* Extensions */,
				EF8B80471FA32F7800A4924E /* AppDelegate.swift */,
				EF8B80491FA32F7800A4924E /* ProfileController.swift */,
				EF8B804B1FA32F7800A4924E /* Main.storyboard */,
				EF8B80511FA32F7800A4924E /* Assets.xcassets */,
				EF8B80531FA32F7800A4924E /* LaunchScreen.storyboard */,
				EF8B80561FA32F7800A4924E /* Info.plist */,
				EF8B80781FA34BE700A4924E /* CustomUIView.swift */,
				EF82BDDC1FCE49C000F1BA2F /* TransUIView.swift */,
				EF8B807A1FA3925700A4924E /* LoginController.swift */,
				EFF585A91FC775D1001BC20C /* CustomEditText.swift */,
				EF4F2C661FCB758000EC4268 /* VenueController.swift */,
				EF5C2DF11FCBA46B00F87DDD /* CustomDarkUIView.swift */,
				EF82BDDA1FCE427700F1BA2F /* ProgrammeController.swift */,
				EFA74F5B1FD0CC900085BC60 /* CustomLabel.swift */,
				EFA74F5D1FD0D7EA0085BC60 /* RoundedLabel.swift */,
				EFD6CFAF1FDACC920036A5CC /* ALThreeCircleSpinner.swift */,
			);
			path = Nucleus;
			sourceTree = "<group>";
		};
		EF8B805E1FA32F7800A4924E /* NucleusTests */ = {
			isa = PBXGroup;
			children = (
				EF8B805F1FA32F7800A4924E /* NucleusTests.swift */,
				EF8B80611FA32F7800A4924E /* Info.plist */,
			);
			path = NucleusTests;
			sourceTree = "<group>";
		};
		EF8B80691FA32F7800A4924E /* NucleusUITests */ = {
			isa = PBXGroup;
			children = (
				EF8B806A1FA32F7800A4924E /* NucleusUITests.swift */,
				EF8B806C1FA32F7800A4924E /* Info.plist */,
			);
			path = NucleusUITests;
			sourceTree = "<group>";
		};
/* End PBXGroup section */

/* Begin PBXNativeTarget section */
		EF8B80431FA32F7800A4924E /* Nucleus */ = {
			isa = PBXNativeTarget;
			buildConfigurationList = EF8B806F1FA32F7800A4924E /* Build configuration list for PBXNativeTarget "Nucleus" */;
			buildPhases = (
				F424CFEEAB302B35BAEA4DB1 /* [CP] Check Pods Manifest.lock */,
				EF8B80401FA32F7800A4924E /* Sources */,
				EF8B80411FA32F7800A4924E /* Frameworks */,
				EF8B80421FA32F7800A4924E /* Resources */,
				98A4A6324AD0B331905799D6 /* [CP] Embed Pods Frameworks */,
				86FF2D0BFF9623F17CFC693A /* [CP] Copy Pods Resources */,
			);
			buildRules = (
			);
			dependencies = (
			);
			name = Nucleus;
			productName = Nucleus;
			productReference = EF8B80441FA32F7800A4924E /* Nucleus.app */;
			productType = "com.apple.product-type.application";
		};
		EF8B805A1FA32F7800A4924E /* NucleusTests */ = {
			isa = PBXNativeTarget;
			buildConfigurationList = EF8B80721FA32F7800A4924E /* Build configuration list for PBXNativeTarget "NucleusTests" */;
			buildPhases = (
				DC4D6D6EA5F06D8E444C6A04 /* [CP] Check Pods Manifest.lock */,
				EF8B80571FA32F7800A4924E /* Sources */,
				EF8B80581FA32F7800A4924E /* Frameworks */,
				EF8B80591FA32F7800A4924E /* Resources */,
				82135A72AA7836EF73153846 /* [CP] Embed Pods Frameworks */,
				9396DE55D3DF855BB76A0E0F /* [CP] Copy Pods Resources */,
			);
			buildRules = (
			);
			dependencies = (
				EF8B805D1FA32F7800A4924E /* PBXTargetDependency */,
			);
			name = NucleusTests;
			productName = NucleusTests;
			productReference = EF8B805B1FA32F7800A4924E /* NucleusTests.xctest */;
			productType = "com.apple.product-type.bundle.unit-test";
		};
		EF8B80651FA32F7800A4924E /* NucleusUITests */ = {
			isa = PBXNativeTarget;
			buildConfigurationList = EF8B80751FA32F7800A4924E /* Build configuration list for PBXNativeTarget "NucleusUITests" */;
			buildPhases = (
				6FABC288346D9120F3DFD5A8 /* [CP] Check Pods Manifest.lock */,
				EF8B80621FA32F7800A4924E /* Sources */,
				EF8B80631FA32F7800A4924E /* Frameworks */,
				EF8B80641FA32F7800A4924E /* Resources */,
				BF06A55E26495D5EE70D43A5 /* [CP] Embed Pods Frameworks */,
				2D1DDA4D60412E85847B9ED0 /* [CP] Copy Pods Resources */,
			);
			buildRules = (
			);
			dependencies = (
				EF8B80681FA32F7800A4924E /* PBXTargetDependency */,
			);
			name = NucleusUITests;
			productName = NucleusUITests;
			productReference = EF8B80661FA32F7800A4924E /* NucleusUITests.xctest */;
			productType = "com.apple.product-type.bundle.ui-testing";
		};
/* End PBXNativeTarget section */

/* Begin PBXProject section */
		EF8B803C1FA32F7800A4924E /* Project object */ = {
			isa = PBXProject;
			attributes = {
				LastSwiftUpdateCheck = 0900;
				LastUpgradeCheck = 0900;
				ORGANIZATIONNAME = Ephod;
				TargetAttributes = {
					EF8B80431FA32F7800A4924E = {
						CreatedOnToolsVersion = 9.0.1;
						ProvisioningStyle = Manual;
					};
					EF8B805A1FA32F7800A4924E = {
						CreatedOnToolsVersion = 9.0.1;
						ProvisioningStyle = Automatic;
						TestTargetID = EF8B80431FA32F7800A4924E;
					};
					EF8B80651FA32F7800A4924E = {
						CreatedOnToolsVersion = 9.0.1;
						ProvisioningStyle = Automatic;
						TestTargetID = EF8B80431FA32F7800A4924E;
					};
				};
			};
			buildConfigurationList = EF8B803F1FA32F7800A4924E /* Build configuration list for PBXProject "Nucleus" */;
			compatibilityVersion = "Xcode 8.0";
			developmentRegion = en;
			hasScannedForEncodings = 0;
			knownRegions = (
				en,
				Base,
			);
			mainGroup = EF8B803B1FA32F7800A4924E;
			productRefGroup = EF8B80451FA32F7800A4924E /* Products */;
			projectDirPath = "";
			projectRoot = "";
			targets = (
				EF8B80431FA32F7800A4924E /* Nucleus */,
				EF8B805A1FA32F7800A4924E /* NucleusTests */,
				EF8B80651FA32F7800A4924E /* NucleusUITests */,
			);
		};
/* End PBXProject section */

/* Begin PBXResourcesBuildPhase section */
		EF8B80421FA32F7800A4924E /* Resources */ = {
			isa = PBXResourcesBuildPhase;
			buildActionMask = 2147483647;
			files = (
				EF59C08B1FA3A9080011D283 /* Cabin-SemiBoldItalic-TTF.ttf in Resources */,
				EF59C0861FA3A9080011D283 /* Cabin-MediumItalic-TTF.ttf in Resources */,
				EF59C0851FA3A9080011D283 /* Cabin-Regular-TTF.ttf in Resources */,
				EF8B80551FA32F7800A4924E /* LaunchScreen.storyboard in Resources */,
				EF8B80521FA32F7800A4924E /* Assets.xcassets in Resources */,
				EF59C08A1FA3A9080011D283 /* Cabin-SemiBold-TTF.ttf in Resources */,
				EF59C0891FA3A9080011D283 /* Cabin-BoldItalic-TTF.ttf in Resources */,
				EF59C0881FA3A9080011D283 /* Cabin-Bold-TTF.ttf in Resources */,
				EF59C0841FA3A9080011D283 /* Cabin-Medium-TTF.ttf in Resources */,
				EFF585A81FC7715C001BC20C /* fontawesome-webfont.ttf in Resources */,
				EF8B804D1FA32F7800A4924E /* Main.storyboard in Resources */,
				EF59C0871FA3A9080011D283 /* Cabin-Italic-TTF.ttf in Resources */,
				EF82BDD91FCBBA6100F1BA2F /* dark_style.json in Resources */,
			);
			runOnlyForDeploymentPostprocessing = 0;
		};
		EF8B80591FA32F7800A4924E /* Resources */ = {
			isa = PBXResourcesBuildPhase;
			buildActionMask = 2147483647;
			files = (
			);
			runOnlyForDeploymentPostprocessing = 0;
		};
		EF8B80641FA32F7800A4924E /* Resources */ = {
			isa = PBXResourcesBuildPhase;
			buildActionMask = 2147483647;
			files = (
			);
			runOnlyForDeploymentPostprocessing = 0;
		};
/* End PBXResourcesBuildPhase section */

/* Begin PBXShellScriptBuildPhase section */
		2D1DDA4D60412E85847B9ED0 /* [CP] Copy Pods Resources */ = {
			isa = PBXShellScriptBuildPhase;
			buildActionMask = 2147483647;
			files = (
			);
			inputPaths = (
			);
			name = "[CP] Copy Pods Resources";
			outputPaths = (
			);
			runOnlyForDeploymentPostprocessing = 0;
			shellPath = /bin/sh;
			shellScript = "\"${SRCROOT}/Pods/Target Support Files/Pods-NucleusUITests/Pods-NucleusUITests-resources.sh\"\n";
			showEnvVarsInLog = 0;
		};
		6FABC288346D9120F3DFD5A8 /* [CP] Check Pods Manifest.lock */ = {
			isa = PBXShellScriptBuildPhase;
			buildActionMask = 2147483647;
			files = (
			);
			inputPaths = (
				"${PODS_PODFILE_DIR_PATH}/Podfile.lock",
				"${PODS_ROOT}/Manifest.lock",
			);
			name = "[CP] Check Pods Manifest.lock";
			outputPaths = (
				"$(DERIVED_FILE_DIR)/Pods-NucleusUITests-checkManifestLockResult.txt",
			);
			runOnlyForDeploymentPostprocessing = 0;
			shellPath = /bin/sh;
			shellScript = "diff \"${PODS_PODFILE_DIR_PATH}/Podfile.lock\" \"${PODS_ROOT}/Manifest.lock\" > /dev/null\nif [ $? != 0 ] ; then\n    # print error to STDERR\n    echo \"error: The sandbox is not in sync with the Podfile.lock. Run 'pod install' or update your CocoaPods installation.\" >&2\n    exit 1\nfi\n# This output is used by Xcode 'outputs' to avoid re-running this script phase.\necho \"SUCCESS\" > \"${SCRIPT_OUTPUT_FILE_0}\"\n";
			showEnvVarsInLog = 0;
		};
		82135A72AA7836EF73153846 /* [CP] Embed Pods Frameworks */ = {
			isa = PBXShellScriptBuildPhase;
			buildActionMask = 2147483647;
			files = (
			);
			inputPaths = (
			);
			name = "[CP] Embed Pods Frameworks";
			outputPaths = (
			);
			runOnlyForDeploymentPostprocessing = 0;
			shellPath = /bin/sh;
			shellScript = "\"${SRCROOT}/Pods/Target Support Files/Pods-NucleusTests/Pods-NucleusTests-frameworks.sh\"\n";
			showEnvVarsInLog = 0;
		};
		86FF2D0BFF9623F17CFC693A /* [CP] Copy Pods Resources */ = {
			isa = PBXShellScriptBuildPhase;
			buildActionMask = 2147483647;
			files = (
			);
			inputPaths = (
				"${SRCROOT}/Pods/Target Support Files/Pods-Nucleus/Pods-Nucleus-resources.sh",
				"${PODS_ROOT}/GoogleMaps/Maps/Frameworks/GoogleMaps.framework/Resources/GoogleMaps.bundle",
				"${PODS_ROOT}/GooglePlaces/Frameworks/GooglePlaces.framework/Resources/GooglePlaces.bundle",
			);
			name = "[CP] Copy Pods Resources";
			outputPaths = (
				"${TARGET_BUILD_DIR}/${UNLOCALIZED_RESOURCES_FOLDER_PATH}",
			);
			runOnlyForDeploymentPostprocessing = 0;
			shellPath = /bin/sh;
			shellScript = "\"${SRCROOT}/Pods/Target Support Files/Pods-Nucleus/Pods-Nucleus-resources.sh\"\n";
			showEnvVarsInLog = 0;
		};
		9396DE55D3DF855BB76A0E0F /* [CP] Copy Pods Resources */ = {
			isa = PBXShellScriptBuildPhase;
			buildActionMask = 2147483647;
			files = (
			);
			inputPaths = (
			);
			name = "[CP] Copy Pods Resources";
			outputPaths = (
			);
			runOnlyForDeploymentPostprocessing = 0;
			shellPath = /bin/sh;
			shellScript = "\"${SRCROOT}/Pods/Target Support Files/Pods-NucleusTests/Pods-NucleusTests-resources.sh\"\n";
			showEnvVarsInLog = 0;
		};
		98A4A6324AD0B331905799D6 /* [CP] Embed Pods Frameworks */ = {
			isa = PBXShellScriptBuildPhase;
			buildActionMask = 2147483647;
			files = (
			);
			inputPaths = (
				"${SRCROOT}/Pods/Target Support Files/Pods-Nucleus/Pods-Nucleus-frameworks.sh",
				"${BUILT_PRODUCTS_DIR}/Alamofire/Alamofire.framework",
				"${BUILT_PRODUCTS_DIR}/ImagePicker/ImagePicker.framework",
				"${BUILT_PRODUCTS_DIR}/RZTransitions/RZTransitions.framework",
				"${BUILT_PRODUCTS_DIR}/UberRides/UberRides.framework",
			);
			name = "[CP] Embed Pods Frameworks";
			outputPaths = (
				"${TARGET_BUILD_DIR}/${FRAMEWORKS_FOLDER_PATH}/Alamofire.framework",
				"${TARGET_BUILD_DIR}/${FRAMEWORKS_FOLDER_PATH}/ImagePicker.framework",
				"${TARGET_BUILD_DIR}/${FRAMEWORKS_FOLDER_PATH}/RZTransitions.framework",
				"${TARGET_BUILD_DIR}/${FRAMEWORKS_FOLDER_PATH}/UberRides.framework",
			);
			runOnlyForDeploymentPostprocessing = 0;
			shellPath = /bin/sh;
			shellScript = "\"${SRCROOT}/Pods/Target Support Files/Pods-Nucleus/Pods-Nucleus-frameworks.sh\"\n";
			showEnvVarsInLog = 0;
		};
		BF06A55E26495D5EE70D43A5 /* [CP] Embed Pods Frameworks */ = {
			isa = PBXShellScriptBuildPhase;
			buildActionMask = 2147483647;
			files = (
			);
			inputPaths = (
			);
			name = "[CP] Embed Pods Frameworks";
			outputPaths = (
			);
			runOnlyForDeploymentPostprocessing = 0;
			shellPath = /bin/sh;
			shellScript = "\"${SRCROOT}/Pods/Target Support Files/Pods-NucleusUITests/Pods-NucleusUITests-frameworks.sh\"\n";
			showEnvVarsInLog = 0;
		};
		DC4D6D6EA5F06D8E444C6A04 /* [CP] Check Pods Manifest.lock */ = {
			isa = PBXShellScriptBuildPhase;
			buildActionMask = 2147483647;
			files = (
			);
			inputPaths = (
				"${PODS_PODFILE_DIR_PATH}/Podfile.lock",
				"${PODS_ROOT}/Manifest.lock",
			);
			name = "[CP] Check Pods Manifest.lock";
			outputPaths = (
				"$(DERIVED_FILE_DIR)/Pods-NucleusTests-checkManifestLockResult.txt",
			);
			runOnlyForDeploymentPostprocessing = 0;
			shellPath = /bin/sh;
			shellScript = "diff \"${PODS_PODFILE_DIR_PATH}/Podfile.lock\" \"${PODS_ROOT}/Manifest.lock\" > /dev/null\nif [ $? != 0 ] ; then\n    # print error to STDERR\n    echo \"error: The sandbox is not in sync with the Podfile.lock. Run 'pod install' or update your CocoaPods installation.\" >&2\n    exit 1\nfi\n# This output is used by Xcode 'outputs' to avoid re-running this script phase.\necho \"SUCCESS\" > \"${SCRIPT_OUTPUT_FILE_0}\"\n";
			showEnvVarsInLog = 0;
		};
		F424CFEEAB302B35BAEA4DB1 /* [CP] Check Pods Manifest.lock */ = {
			isa = PBXShellScriptBuildPhase;
			buildActionMask = 2147483647;
			files = (
			);
			inputPaths = (
				"${PODS_PODFILE_DIR_PATH}/Podfile.lock",
				"${PODS_ROOT}/Manifest.lock",
			);
			name = "[CP] Check Pods Manifest.lock";
			outputPaths = (
				"$(DERIVED_FILE_DIR)/Pods-Nucleus-checkManifestLockResult.txt",
			);
			runOnlyForDeploymentPostprocessing = 0;
			shellPath = /bin/sh;
			shellScript = "diff \"${PODS_PODFILE_DIR_PATH}/Podfile.lock\" \"${PODS_ROOT}/Manifest.lock\" > /dev/null\nif [ $? != 0 ] ; then\n    # print error to STDERR\n    echo \"error: The sandbox is not in sync with the Podfile.lock. Run 'pod install' or update your CocoaPods installation.\" >&2\n    exit 1\nfi\n# This output is used by Xcode 'outputs' to avoid re-running this script phase.\necho \"SUCCESS\" > \"${SCRIPT_OUTPUT_FILE_0}\"\n";
			showEnvVarsInLog = 0;
		};
/* End PBXShellScriptBuildPhase section */

/* Begin PBXSourcesBuildPhase section */
		EF8B80401FA32F7800A4924E /* Sources */ = {
			isa = PBXSourcesBuildPhase;
			buildActionMask = 2147483647;
			files = (
				EFF585AA1FC775D1001BC20C /* CustomEditText.swift in Sources */,
				EF82BDDD1FCE49C000F1BA2F /* TransUIView.swift in Sources */,
				EFA74F5E1FD0D7EA0085BC60 /* RoundedLabel.swift in Sources */,
				EFA74F5C1FD0CC900085BC60 /* CustomLabel.swift in Sources */,
				EF8B80791FA34BE700A4924E /* CustomUIView.swift in Sources */,
				EF8B804A1FA32F7800A4924E /* ProfileController.swift in Sources */,
				EF82BDDB1FCE427700F1BA2F /* ProgrammeController.swift in Sources */,
				EF8B80481FA32F7800A4924E /* AppDelegate.swift in Sources */,
				EFD6CFB01FDACC920036A5CC /* ALThreeCircleSpinner.swift in Sources */,
				EF4F2C651FCAB51900EC4268 /* UIImage+AddBlendMode.swift in Sources */,
				EF8B807B1FA3925700A4924E /* LoginController.swift in Sources */,
				EF4F2C671FCB758000EC4268 /* VenueController.swift in Sources */,
				EF5C2DF21FCBA46B00F87DDD /* CustomDarkUIView.swift in Sources */,
			);
			runOnlyForDeploymentPostprocessing = 0;
		};
		EF8B80571FA32F7800A4924E /* Sources */ = {
			isa = PBXSourcesBuildPhase;
			buildActionMask = 2147483647;
			files = (
				EF8B80601FA32F7800A4924E /* NucleusTests.swift in Sources */,
			);
			runOnlyForDeploymentPostprocessing = 0;
		};
		EF8B80621FA32F7800A4924E /* Sources */ = {
			isa = PBXSourcesBuildPhase;
			buildActionMask = 2147483647;
			files = (
				EF8B806B1FA32F7800A4924E /* NucleusUITests.swift in Sources */,
			);
			runOnlyForDeploymentPostprocessing = 0;
		};
/* End PBXSourcesBuildPhase section */

/* Begin PBXTargetDependency section */
		EF8B805D1FA32F7800A4924E /* PBXTargetDependency */ = {
			isa = PBXTargetDependency;
			target = EF8B80431FA32F7800A4924E /* Nucleus */;
			targetProxy = EF8B805C1FA32F7800A4924E /* PBXContainerItemProxy */;
		};
		EF8B80681FA32F7800A4924E /* PBXTargetDependency */ = {
			isa = PBXTargetDependency;
			target = EF8B80431FA32F7800A4924E /* Nucleus */;
			targetProxy = EF8B80671FA32F7800A4924E /* PBXContainerItemProxy */;
		};
/* End PBXTargetDependency section */

/* Begin PBXVariantGroup section */
		EF8B804B1FA32F7800A4924E /* Main.storyboard */ = {
			isa = PBXVariantGroup;
			children = (
				EF8B804C1FA32F7800A4924E /* Base */,
			);
			name = Main.storyboard;
			sourceTree = "<group>";
		};
		EF8B80531FA32F7800A4924E /* LaunchScreen.storyboard */ = {
			isa = PBXVariantGroup;
			children = (
				EF8B80541FA32F7800A4924E /* Base */,
			);
			name = LaunchScreen.storyboard;
			sourceTree = "<group>";
		};
/* End PBXVariantGroup section */

/* Begin XCBuildConfiguration section */
		EF8B806D1FA32F7800A4924E /* Debug */ = {
			isa = XCBuildConfiguration;
			buildSettings = {
				ALWAYS_SEARCH_USER_PATHS = NO;
				CLANG_ANALYZER_NONNULL = YES;
				CLANG_ANALYZER_NUMBER_OBJECT_CONVERSION = YES_AGGRESSIVE;
				CLANG_CXX_LANGUAGE_STANDARD = "gnu++14";
				CLANG_CXX_LIBRARY = "libc++";
				CLANG_ENABLE_MODULES = YES;
				CLANG_ENABLE_OBJC_ARC = YES;
				CLANG_WARN_BLOCK_CAPTURE_AUTORELEASING = YES;
				CLANG_WARN_BOOL_CONVERSION = YES;
				CLANG_WARN_COMMA = YES;
				CLANG_WARN_CONSTANT_CONVERSION = YES;
				CLANG_WARN_DIRECT_OBJC_ISA_USAGE = YES_ERROR;
				CLANG_WARN_DOCUMENTATION_COMMENTS = YES;
				CLANG_WARN_EMPTY_BODY = YES;
				CLANG_WARN_ENUM_CONVERSION = YES;
				CLANG_WARN_INFINITE_RECURSION = YES;
				CLANG_WARN_INT_CONVERSION = YES;
				CLANG_WARN_NON_LITERAL_NULL_CONVERSION = YES;
				CLANG_WARN_OBJC_LITERAL_CONVERSION = YES;
				CLANG_WARN_OBJC_ROOT_CLASS = YES_ERROR;
				CLANG_WARN_RANGE_LOOP_ANALYSIS = YES;
				CLANG_WARN_STRICT_PROTOTYPES = YES;
				CLANG_WARN_SUSPICIOUS_MOVE = YES;
				CLANG_WARN_UNGUARDED_AVAILABILITY = YES_AGGRESSIVE;
				CLANG_WARN_UNREACHABLE_CODE = YES;
				CLANG_WARN__DUPLICATE_METHOD_MATCH = YES;
				CODE_SIGN_IDENTITY = "iPhone Developer";
				COPY_PHASE_STRIP = NO;
				DEBUG_INFORMATION_FORMAT = dwarf;
				ENABLE_STRICT_OBJC_MSGSEND = YES;
				ENABLE_TESTABILITY = YES;
				GCC_C_LANGUAGE_STANDARD = gnu11;
				GCC_DYNAMIC_NO_PIC = NO;
				GCC_NO_COMMON_BLOCKS = YES;
				GCC_OPTIMIZATION_LEVEL = 0;
				GCC_PREPROCESSOR_DEFINITIONS = (
					"DEBUG=1",
					"$(inherited)",
				);
				GCC_WARN_64_TO_32_BIT_CONVERSION = YES;
				GCC_WARN_ABOUT_RETURN_TYPE = YES_ERROR;
				GCC_WARN_UNDECLARED_SELECTOR = YES;
				GCC_WARN_UNINITIALIZED_AUTOS = YES_AGGRESSIVE;
				GCC_WARN_UNUSED_FUNCTION = YES;
				GCC_WARN_UNUSED_VARIABLE = YES;
				IPHONEOS_DEPLOYMENT_TARGET = 11.0;
				MTL_ENABLE_DEBUG_INFO = YES;
				ONLY_ACTIVE_ARCH = YES;
				SDKROOT = iphoneos;
				SWIFT_ACTIVE_COMPILATION_CONDITIONS = DEBUG;
				SWIFT_OPTIMIZATION_LEVEL = "-Onone";
			};
			name = Debug;
		};
		EF8B806E1FA32F7800A4924E /* Release */ = {
			isa = XCBuildConfiguration;
			buildSettings = {
				ALWAYS_SEARCH_USER_PATHS = NO;
				CLANG_ANALYZER_NONNULL = YES;
				CLANG_ANALYZER_NUMBER_OBJECT_CONVERSION = YES_AGGRESSIVE;
				CLANG_CXX_LANGUAGE_STANDARD = "gnu++14";
				CLANG_CXX_LIBRARY = "libc++";
				CLANG_ENABLE_MODULES = YES;
				CLANG_ENABLE_OBJC_ARC = YES;
				CLANG_WARN_BLOCK_CAPTURE_AUTORELEASING = YES;
				CLANG_WARN_BOOL_CONVERSION = YES;
				CLANG_WARN_COMMA = YES;
				CLANG_WARN_CONSTANT_CONVERSION = YES;
				CLANG_WARN_DIRECT_OBJC_ISA_USAGE = YES_ERROR;
				CLANG_WARN_DOCUMENTATION_COMMENTS = YES;
				CLANG_WARN_EMPTY_BODY = YES;
				CLANG_WARN_ENUM_CONVERSION = YES;
				CLANG_WARN_INFINITE_RECURSION = YES;
				CLANG_WARN_INT_CONVERSION = YES;
				CLANG_WARN_NON_LITERAL_NULL_CONVERSION = YES;
				CLANG_WARN_OBJC_LITERAL_CONVERSION = YES;
				CLANG_WARN_OBJC_ROOT_CLASS = YES_ERROR;
				CLANG_WARN_RANGE_LOOP_ANALYSIS = YES;
				CLANG_WARN_STRICT_PROTOTYPES = YES;
				CLANG_WARN_SUSPICIOUS_MOVE = YES;
				CLANG_WARN_UNGUARDED_AVAILABILITY = YES_AGGRESSIVE;
				CLANG_WARN_UNREACHABLE_CODE = YES;
				CLANG_WARN__DUPLICATE_METHOD_MATCH = YES;
				CODE_SIGN_IDENTITY = "iPhone Developer";
				COPY_PHASE_STRIP = NO;
				DEBUG_INFORMATION_FORMAT = "dwarf-with-dsym";
				ENABLE_NS_ASSERTIONS = NO;
				ENABLE_STRICT_OBJC_MSGSEND = YES;
				GCC_C_LANGUAGE_STANDARD = gnu11;
				GCC_NO_COMMON_BLOCKS = YES;
				GCC_WARN_64_TO_32_BIT_CONVERSION = YES;
				GCC_WARN_ABOUT_RETURN_TYPE = YES_ERROR;
				GCC_WARN_UNDECLARED_SELECTOR = YES;
				GCC_WARN_UNINITIALIZED_AUTOS = YES_AGGRESSIVE;
				GCC_WARN_UNUSED_FUNCTION = YES;
				GCC_WARN_UNUSED_VARIABLE = YES;
				IPHONEOS_DEPLOYMENT_TARGET = 11.0;
				MTL_ENABLE_DEBUG_INFO = NO;
				SDKROOT = iphoneos;
				SWIFT_OPTIMIZATION_LEVEL = "-Owholemodule";
				VALIDATE_PRODUCT = YES;
			};
			name = Release;
		};
		EF8B80701FA32F7800A4924E /* Debug */ = {
			isa = XCBuildConfiguration;
			baseConfigurationReference = 3DECB0101A20C06CA1FAC94C /* Pods-Nucleus.debug.xcconfig */;
			buildSettings = {
				ASSETCATALOG_COMPILER_APPICON_NAME = AppIcon;
				ASSETCATALOG_COMPILER_LAUNCHIMAGE_NAME = LaunchImage;
				CODE_SIGN_STYLE = Manual;
				DEVELOPMENT_TEAM = 932L27B72A;
				INFOPLIST_FILE = Nucleus/Info.plist;
				LD_RUNPATH_SEARCH_PATHS = "$(inherited) @executable_path/Frameworks";
				PRODUCT_BUNDLE_IDENTIFIER = com.ydi.nucleus.ios;
				PRODUCT_NAME = "$(TARGET_NAME)";
				PROVISIONING_PROFILE = "d1c4380f-8cc6-4ed8-ada8-5aad8b783d54";
				PROVISIONING_PROFILE_SPECIFIER = "Reuben Dev Provisioning profile";
				SWIFT_VERSION = 4.0;
				TARGETED_DEVICE_FAMILY = 1;
			};
			name = Debug;
		};
		EF8B80711FA32F7800A4924E /* Release */ = {
			isa = XCBuildConfiguration;
			baseConfigurationReference = BC183B9565802FE8B6FD9C16 /* Pods-Nucleus.release.xcconfig */;
			buildSettings = {
				ASSETCATALOG_COMPILER_APPICON_NAME = AppIcon;
				ASSETCATALOG_COMPILER_LAUNCHIMAGE_NAME = LaunchImage;
				CODE_SIGN_STYLE = Manual;
				DEVELOPMENT_TEAM = 932L27B72A;
				INFOPLIST_FILE = Nucleus/Info.plist;
				LD_RUNPATH_SEARCH_PATHS = "$(inherited) @executable_path/Frameworks";
				PRODUCT_BUNDLE_IDENTIFIER = com.ydi.nucleus.ios;
				PRODUCT_NAME = "$(TARGET_NAME)";
				PROVISIONING_PROFILE = "c631b08b-39ce-4e74-b991-c402a083a85d";
				PROVISIONING_PROFILE_SPECIFIER = "Reuben Dev Provisioning profile";
				SWIFT_VERSION = 4.0;
				TARGETED_DEVICE_FAMILY = 1;
			};
			name = Release;
		};
		EF8B80731FA32F7800A4924E /* Debug */ = {
			isa = XCBuildConfiguration;
			baseConfigurationReference = A74CBCEDE3A0A04092B758A3 /* Pods-NucleusTests.debug.xcconfig */;
			buildSettings = {
				ALWAYS_EMBED_SWIFT_STANDARD_LIBRARIES = YES;
				BUNDLE_LOADER = "$(TEST_HOST)";
				CODE_SIGN_STYLE = Automatic;
				DEVELOPMENT_TEAM = D5TS66R994;
				INFOPLIST_FILE = NucleusTests/Info.plist;
				LD_RUNPATH_SEARCH_PATHS = "$(inherited) @executable_path/Frameworks @loader_path/Frameworks";
				PRODUCT_BUNDLE_IDENTIFIER = com.ephod.NucleusTests;
				PRODUCT_NAME = "$(TARGET_NAME)";
				SWIFT_VERSION = 4.0;
				TARGETED_DEVICE_FAMILY = "1,2";
				TEST_HOST = "$(BUILT_PRODUCTS_DIR)/Nucleus.app/Nucleus";
			};
			name = Debug;
		};
		EF8B80741FA32F7800A4924E /* Release */ = {
			isa = XCBuildConfiguration;
			baseConfigurationReference = D7F27BBABC5765CA2BC5F532 /* Pods-NucleusTests.release.xcconfig */;
			buildSettings = {
				ALWAYS_EMBED_SWIFT_STANDARD_LIBRARIES = YES;
				BUNDLE_LOADER = "$(TEST_HOST)";
				CODE_SIGN_STYLE = Automatic;
				DEVELOPMENT_TEAM = D5TS66R994;
				INFOPLIST_FILE = NucleusTests/Info.plist;
				LD_RUNPATH_SEARCH_PATHS = "$(inherited) @executable_path/Frameworks @loader_path/Frameworks";
				PRODUCT_BUNDLE_IDENTIFIER = com.ephod.NucleusTests;
				PRODUCT_NAME = "$(TARGET_NAME)";
				SWIFT_VERSION = 4.0;
				TARGETED_DEVICE_FAMILY = "1,2";
				TEST_HOST = "$(BUILT_PRODUCTS_DIR)/Nucleus.app/Nucleus";
			};
			name = Release;
		};
		EF8B80761FA32F7800A4924E /* Debug */ = {
			isa = XCBuildConfiguration;
			baseConfigurationReference = 18EF8F93D0DAF373E93CC400 /* Pods-NucleusUITests.debug.xcconfig */;
			buildSettings = {
				ALWAYS_EMBED_SWIFT_STANDARD_LIBRARIES = YES;
				CODE_SIGN_STYLE = Automatic;
				DEVELOPMENT_TEAM = D5TS66R994;
				INFOPLIST_FILE = NucleusUITests/Info.plist;
				LD_RUNPATH_SEARCH_PATHS = "$(inherited) @executable_path/Frameworks @loader_path/Frameworks";
				PRODUCT_BUNDLE_IDENTIFIER = com.ephod.NucleusUITests;
				PRODUCT_NAME = "$(TARGET_NAME)";
				SWIFT_VERSION = 4.0;
				TARGETED_DEVICE_FAMILY = "1,2";
				TEST_TARGET_NAME = Nucleus;
			};
			name = Debug;
		};
		EF8B80771FA32F7800A4924E /* Release */ = {
			isa = XCBuildConfiguration;
			baseConfigurationReference = D11E8C2DC663C755FB4DF1C8 /* Pods-NucleusUITests.release.xcconfig */;
			buildSettings = {
				ALWAYS_EMBED_SWIFT_STANDARD_LIBRARIES = YES;
				CODE_SIGN_STYLE = Automatic;
				DEVELOPMENT_TEAM = D5TS66R994;
				INFOPLIST_FILE = NucleusUITests/Info.plist;
				LD_RUNPATH_SEARCH_PATHS = "$(inherited) @executable_path/Frameworks @loader_path/Frameworks";
				PRODUCT_BUNDLE_IDENTIFIER = com.ephod.NucleusUITests;
				PRODUCT_NAME = "$(TARGET_NAME)";
				SWIFT_VERSION = 4.0;
				TARGETED_DEVICE_FAMILY = "1,2";
				TEST_TARGET_NAME = Nucleus;
			};
			name = Release;
		};
/* End XCBuildConfiguration section */

/* Begin XCConfigurationList section */
		EF8B803F1FA32F7800A4924E /* Build configuration list for PBXProject "Nucleus" */ = {
			isa = XCConfigurationList;
			buildConfigurations = (
				EF8B806D1FA32F7800A4924E /* Debug */,
				EF8B806E1FA32F7800A4924E /* Release */,
			);
			defaultConfigurationIsVisible = 0;
			defaultConfigurationName = Release;
		};
		EF8B806F1FA32F7800A4924E /* Build configuration list for PBXNativeTarget "Nucleus" */ = {
			isa = XCConfigurationList;
			buildConfigurations = (
				EF8B80701FA32F7800A4924E /* Debug */,
				EF8B80711FA32F7800A4924E /* Release */,
			);
			defaultConfigurationIsVisible = 0;
			defaultConfigurationName = Release;
		};
		EF8B80721FA32F7800A4924E /* Build configuration list for PBXNativeTarget "NucleusTests" */ = {
			isa = XCConfigurationList;
			buildConfigurations = (
				EF8B80731FA32F7800A4924E /* Debug */,
				EF8B80741FA32F7800A4924E /* Release */,
			);
			defaultConfigurationIsVisible = 0;
			defaultConfigurationName = Release;
		};
		EF8B80751FA32F7800A4924E /* Build configuration list for PBXNativeTarget "NucleusUITests" */ = {
			isa = XCConfigurationList;
			buildConfigurations = (
				EF8B80761FA32F7800A4924E /* Debug */,
				EF8B80771FA32F7800A4924E /* Release */,
			);
			defaultConfigurationIsVisible = 0;
			defaultConfigurationName = Release;
		};
/* End XCConfigurationList section */
	};
	rootObject = EF8B803C1FA32F7800A4924E /* Project object */;
}
